// !$*UTF8*$!
{
	archiveVersion = 1;
	classes = {
	};
	objectVersion = 56;
	objects = {

/* Begin PBXBuildFile section */
		754E9FD42ACDD8C000DCC840 /* AppDelegate.swift in Sources */ = {isa = PBXBuildFile; fileRef = 754E9FD32ACDD8C000DCC840 /* AppDelegate.swift */; };
		754E9FD62ACDD8C000DCC840 /* SceneDelegate.swift in Sources */ = {isa = PBXBuildFile; fileRef = 754E9FD52ACDD8C000DCC840 /* SceneDelegate.swift */; };
		754E9FD82ACDD8C000DCC840 /* TodoListViewController.swift in Sources */ = {isa = PBXBuildFile; fileRef = 754E9FD72ACDD8C000DCC840 /* TodoListViewController.swift */; };
		754E9FDB2ACDD8C000DCC840 /* Main.storyboard in Resources */ = {isa = PBXBuildFile; fileRef = 754E9FD92ACDD8C000DCC840 /* Main.storyboard */; };
		754E9FDD2ACDD8C200DCC840 /* Assets.xcassets in Resources */ = {isa = PBXBuildFile; fileRef = 754E9FDC2ACDD8C200DCC840 /* Assets.xcassets */; };
		754E9FE02ACDD8C200DCC840 /* LaunchScreen.storyboard in Resources */ = {isa = PBXBuildFile; fileRef = 754E9FDE2ACDD8C200DCC840 /* LaunchScreen.storyboard */; };
		754E9FE82ACDD94D00DCC840 /* Todo.swift in Sources */ = {isa = PBXBuildFile; fileRef = 754E9FE72ACDD94D00DCC840 /* Todo.swift */; };
		754E9FEA2ACDD9F600DCC840 /* TodoViewModel.swift in Sources */ = {isa = PBXBuildFile; fileRef = 754E9FE92ACDD9F600DCC840 /* TodoViewModel.swift */; };
		754E9FEC2ACDDA1400DCC840 /* TodoListViewModel.swift in Sources */ = {isa = PBXBuildFile; fileRef = 754E9FEB2ACDDA1400DCC840 /* TodoListViewModel.swift */; };
		754E9FEE2ACDDB7B00DCC840 /* TodoListView.swift in Sources */ = {isa = PBXBuildFile; fileRef = 754E9FED2ACDDB7B00DCC840 /* TodoListView.swift */; };
		754E9FF02ACDDCA800DCC840 /* TodoListViewControllerBuilder.swift in Sources */ = {isa = PBXBuildFile; fileRef = 754E9FEF2ACDDCA800DCC840 /* TodoListViewControllerBuilder.swift */; };
/* End PBXBuildFile section */

/* Begin PBXFileReference section */
		754E9FD02ACDD8BF00DCC840 /* Todo.app */ = {isa = PBXFileReference; explicitFileType = wrapper.application; includeInIndex = 0; path = Todo.app; sourceTree = BUILT_PRODUCTS_DIR; };
		754E9FD32ACDD8C000DCC840 /* AppDelegate.swift */ = {isa = PBXFileReference; lastKnownFileType = sourcecode.swift; path = AppDelegate.swift; sourceTree = "<group>"; };
		754E9FD52ACDD8C000DCC840 /* SceneDelegate.swift */ = {isa = PBXFileReference; lastKnownFileType = sourcecode.swift; path = SceneDelegate.swift; sourceTree = "<group>"; };
		754E9FD72ACDD8C000DCC840 /* TodoListViewController.swift */ = {isa = PBXFileReference; lastKnownFileType = sourcecode.swift; path = TodoListViewController.swift; sourceTree = "<group>"; };
		754E9FDA2ACDD8C000DCC840 /* Base */ = {isa = PBXFileReference; lastKnownFileType = file.storyboard; name = Base; path = Base.lproj/Main.storyboard; sourceTree = "<group>"; };
		754E9FDC2ACDD8C200DCC840 /* Assets.xcassets */ = {isa = PBXFileReference; lastKnownFileType = folder.assetcatalog; path = Assets.xcassets; sourceTree = "<group>"; };
		754E9FDF2ACDD8C200DCC840 /* Base */ = {isa = PBXFileReference; lastKnownFileType = file.storyboard; name = Base; path = Base.lproj/LaunchScreen.storyboard; sourceTree = "<group>"; };
		754E9FE12ACDD8C200DCC840 /* Info.plist */ = {isa = PBXFileReference; lastKnownFileType = text.plist.xml; path = Info.plist; sourceTree = "<group>"; };
		754E9FE72ACDD94D00DCC840 /* Todo.swift */ = {isa = PBXFileReference; lastKnownFileType = sourcecode.swift; path = Todo.swift; sourceTree = "<group>"; };
		754E9FE92ACDD9F600DCC840 /* TodoViewModel.swift */ = {isa = PBXFileReference; lastKnownFileType = sourcecode.swift; path = TodoViewModel.swift; sourceTree = "<group>"; };
		754E9FEB2ACDDA1400DCC840 /* TodoListViewModel.swift */ = {isa = PBXFileReference; lastKnownFileType = sourcecode.swift; path = TodoListViewModel.swift; sourceTree = "<group>"; };
		754E9FED2ACDDB7B00DCC840 /* TodoListView.swift */ = {isa = PBXFileReference; lastKnownFileType = sourcecode.swift; path = TodoListView.swift; sourceTree = "<group>"; };
		754E9FEF2ACDDCA800DCC840 /* TodoListViewControllerBuilder.swift */ = {isa = PBXFileReference; lastKnownFileType = sourcecode.swift; path = TodoListViewControllerBuilder.swift; sourceTree = "<group>"; };
/* End PBXFileReference section */

/* Begin PBXFrameworksBuildPhase section */
		754E9FCD2ACDD8BF00DCC840 /* Frameworks */ = {
			isa = PBXFrameworksBuildPhase;
			buildActionMask = 2147483647;
			files = (
			);
			runOnlyForDeploymentPostprocessing = 0;
		};
/* End PBXFrameworksBuildPhase section */

/* Begin PBXGroup section */
		754E9FC72ACDD8BF00DCC840 = {
			isa = PBXGroup;
			children = (
				754E9FD22ACDD8BF00DCC840 /* Todo */,
				754E9FD12ACDD8BF00DCC840 /* Products */,
			);
			sourceTree = "<group>";
		};
		754E9FD12ACDD8BF00DCC840 /* Products */ = {
			isa = PBXGroup;
			children = (
				754E9FD02ACDD8BF00DCC840 /* Todo.app */,
			);
			name = Products;
			sourceTree = "<group>";
		};
		754E9FD22ACDD8BF00DCC840 /* Todo */ = {
			isa = PBXGroup;
			children = (
				754E9FD32ACDD8C000DCC840 /* AppDelegate.swift */,
				754E9FD52ACDD8C000DCC840 /* SceneDelegate.swift */,
				754E9FE72ACDD94D00DCC840 /* Todo.swift */,
				754E9FED2ACDDB7B00DCC840 /* TodoListView.swift */,
				754E9FE92ACDD9F600DCC840 /* TodoViewModel.swift */,
				754E9FEB2ACDDA1400DCC840 /* TodoListViewModel.swift */,
				754E9FEF2ACDDCA800DCC840 /* TodoListViewControllerBuilder.swift */,
				754E9FD72ACDD8C000DCC840 /* TodoListViewController.swift */,
				754E9FD92ACDD8C000DCC840 /* Main.storyboard */,
				754E9FDC2ACDD8C200DCC840 /* Assets.xcassets */,
				754E9FDE2ACDD8C200DCC840 /* LaunchScreen.storyboard */,
				754E9FE12ACDD8C200DCC840 /* Info.plist */,
			);
			path = Todo;
			sourceTree = "<group>";
		};
/* End PBXGroup section */

/* Begin PBXNativeTarget section */
		754E9FCF2ACDD8BF00DCC840 /* Todo */ = {
			isa = PBXNativeTarget;
			buildConfigurationList = 754E9FE42ACDD8C200DCC840 /* Build configuration list for PBXNativeTarget "Todo" */;
			buildPhases = (
				754E9FCC2ACDD8BF00DCC840 /* Sources */,
				754E9FCD2ACDD8BF00DCC840 /* Frameworks */,
				754E9FCE2ACDD8BF00DCC840 /* Resources */,
			);
			buildRules = (
			);
			dependencies = (
			);
			name = Todo;
			productName = Todo;
			productReference = 754E9FD02ACDD8BF00DCC840 /* Todo.app */;
			productType = "com.apple.product-type.application";
		};
/* End PBXNativeTarget section */

/* Begin PBXProject section */
		754E9FC82ACDD8BF00DCC840 /* Project object */ = {
			isa = PBXProject;
			attributes = {
				BuildIndependentTargetsInParallel = 1;
				LastSwiftUpdateCheck = 1430;
				LastUpgradeCheck = 1430;
				TargetAttributes = {
					754E9FCF2ACDD8BF00DCC840 = {
						CreatedOnToolsVersion = 14.3.1;
					};
				};
			};
			buildConfigurationList = 754E9FCB2ACDD8BF00DCC840 /* Build configuration list for PBXProject "Todo" */;
			compatibilityVersion = "Xcode 14.0";
			developmentRegion = en;
			hasScannedForEncodings = 0;
			knownRegions = (
				en,
				Base,
			);
			mainGroup = 754E9FC72ACDD8BF00DCC840;
			productRefGroup = 754E9FD12ACDD8BF00DCC840 /* Products */;
			projectDirPath = "";
			projectRoot = "";
			targets = (
				754E9FCF2ACDD8BF00DCC840 /* Todo */,
			);
		};
/* End PBXProject section */

/* Begin PBXResourcesBuildPhase section */
		754E9FCE2ACDD8BF00DCC840 /* Resources */ = {
			isa = PBXResourcesBuildPhase;
			buildActionMask = 2147483647;
			files = (
				754E9FE02ACDD8C200DCC840 /* LaunchScreen.storyboard in Resources */,
				754E9FDD2ACDD8C200DCC840 /* Assets.xcassets in Resources */,
				754E9FDB2ACDD8C000DCC840 /* Main.storyboard in Resources */,
			);
			runOnlyForDeploymentPostprocessing = 0;
		};
/* End PBXResourcesBuildPhase section */

/* Begin PBXSourcesBuildPhase section */
		754E9FCC2ACDD8BF00DCC840 /* Sources */ = {
			isa = PBXSourcesBuildPhase;
			buildActionMask = 2147483647;
			files = (
				754E9FD82ACDD8C000DCC840 /* TodoListViewController.swift in Sources */,
				754E9FD42ACDD8C000DCC840 /* AppDelegate.swift in Sources */,
				754E9FD62ACDD8C000DCC840 /* SceneDelegate.swift in Sources */,
				754E9FEA2ACDD9F600DCC840 /* TodoViewModel.swift in Sources */,
				754E9FEE2ACDDB7B00DCC840 /* TodoListView.swift in Sources */,
				754E9FEC2ACDDA1400DCC840 /* TodoListViewModel.swift in Sources */,
				754E9FF02ACDDCA800DCC840 /* TodoListViewControllerBuilder.swift in Sources */,
				754E9FE82ACDD94D00DCC840 /* Todo.swift in Sources */,
			);
			runOnlyForDeploymentPostprocessing = 0;
		};
/* End PBXSourcesBuildPhase section */

/* Begin PBXVariantGroup section */
		754E9FD92ACDD8C000DCC840 /* Main.storyboard */ = {
			isa = PBXVariantGroup;
			children = (
				754E9FDA2ACDD8C000DCC840 /* Base */,
			);
			name = Main.storyboard;
			sourceTree = "<group>";
		};
		754E9FDE2ACDD8C200DCC840 /* LaunchScreen.storyboard */ = {
			isa = PBXVariantGroup;
			children = (
				754E9FDF2ACDD8C200DCC840 /* Base */,
			);
			name = LaunchScreen.storyboard;
			sourceTree = "<group>";
		};
/* End PBXVariantGroup section */

/* Begin XCBuildConfiguration section */
		754E9FE22ACDD8C200DCC840 /* Debug */ = {
			isa = XCBuildConfiguration;
			buildSettings = {
				ALWAYS_SEARCH_USER_PATHS = NO;
				CLANG_ANALYZER_NONNULL = YES;
				CLANG_ANALYZER_NUMBER_OBJECT_CONVERSION = YES_AGGRESSIVE;
				CLANG_CXX_LANGUAGE_STANDARD = "gnu++20";
				CLANG_ENABLE_MODULES = YES;
				CLANG_ENABLE_OBJC_ARC = YES;
				CLANG_ENABLE_OBJC_WEAK = YES;
				CLANG_WARN_BLOCK_CAPTURE_AUTORELEASING = YES;
				CLANG_WARN_BOOL_CONVERSION = YES;
				CLANG_WARN_COMMA = YES;
				CLANG_WARN_CONSTANT_CONVERSION = YES;
				CLANG_WARN_DEPRECATED_OBJC_IMPLEMENTATIONS = YES;
				CLANG_WARN_DIRECT_OBJC_ISA_USAGE = YES_ERROR;
				CLANG_WARN_DOCUMENTATION_COMMENTS = YES;
				CLANG_WARN_EMPTY_BODY = YES;
				CLANG_WARN_ENUM_CONVERSION = YES;
				CLANG_WARN_INFINITE_RECURSION = YES;
				CLANG_WARN_INT_CONVERSION = YES;
				CLANG_WARN_NON_LITERAL_NULL_CONVERSION = YES;
				CLANG_WARN_OBJC_IMPLICIT_RETAIN_SELF = YES;
				CLANG_WARN_OBJC_LITERAL_CONVERSION = YES;
				CLANG_WARN_OBJC_ROOT_CLASS = YES_ERROR;
				CLANG_WARN_QUOTED_INCLUDE_IN_FRAMEWORK_HEADER = YES;
				CLANG_WARN_RANGE_LOOP_ANALYSIS = YES;
				CLANG_WARN_STRICT_PROTOTYPES = YES;
				CLANG_WARN_SUSPICIOUS_MOVE = YES;
				CLANG_WARN_UNGUARDED_AVAILABILITY = YES_AGGRESSIVE;
				CLANG_WARN_UNREACHABLE_CODE = YES;
				CLANG_WARN__DUPLICATE_METHOD_MATCH = YES;
				COPY_PHASE_STRIP = NO;
				DEBUG_INFORMATION_FORMAT = dwarf;
				ENABLE_STRICT_OBJC_MSGSEND = YES;
				ENABLE_TESTABILITY = YES;
				GCC_C_LANGUAGE_STANDARD = gnu11;
				GCC_DYNAMIC_NO_PIC = NO;
				GCC_NO_COMMON_BLOCKS = YES;
				GCC_OPTIMIZATION_LEVEL = 0;
				GCC_PREPROCESSOR_DEFINITIONS = (
					"DEBUG=1",
					"$(inherited)",
				);
				GCC_WARN_64_TO_32_BIT_CONVERSION = YES;
				GCC_WARN_ABOUT_RETURN_TYPE = YES_ERROR;
				GCC_WARN_UNDECLARED_SELECTOR = YES;
				GCC_WARN_UNINITIALIZED_AUTOS = YES_AGGRESSIVE;
				GCC_WARN_UNUSED_FUNCTION = YES;
				GCC_WARN_UNUSED_VARIABLE = YES;
				IPHONEOS_DEPLOYMENT_TARGET = 16.4;
				MTL_ENABLE_DEBUG_INFO = INCLUDE_SOURCE;
				MTL_FAST_MATH = YES;
				ONLY_ACTIVE_ARCH = YES;
				SDKROOT = iphoneos;
				SWIFT_ACTIVE_COMPILATION_CONDITIONS = DEBUG;
				SWIFT_OPTIMIZATION_LEVEL = "-Onone";
			};
			name = Debug;
		};
		754E9FE32ACDD8C200DCC840 /* Release */ = {
			isa = XCBuildConfiguration;
			buildSettings = {
				ALWAYS_SEARCH_USER_PATHS = NO;
				CLANG_ANALYZER_NONNULL = YES;
				CLANG_ANALYZER_NUMBER_OBJECT_CONVERSION = YES_AGGRESSIVE;
				CLANG_CXX_LANGUAGE_STANDARD = "gnu++20";
				CLANG_ENABLE_MODULES = YES;
				CLANG_ENABLE_OBJC_ARC = YES;
				CLANG_ENABLE_OBJC_WEAK = YES;
				CLANG_WARN_BLOCK_CAPTURE_AUTORELEASING = YES;
				CLANG_WARN_BOOL_CONVERSION = YES;
				CLANG_WARN_COMMA = YES;
				CLANG_WARN_CONSTANT_CONVERSION = YES;
				CLANG_WARN_DEPRECATED_OBJC_IMPLEMENTATIONS = YES;
				CLANG_WARN_DIRECT_OBJC_ISA_USAGE = YES_ERROR;
				CLANG_WARN_DOCUMENTATION_COMMENTS = YES;
				CLANG_WARN_EMPTY_BODY = YES;
				CLANG_WARN_ENUM_CONVERSION = YES;
				CLANG_WARN_INFINITE_RECURSION = YES;
				CLANG_WARN_INT_CONVERSION = YES;
				CLANG_WARN_NON_LITERAL_NULL_CONVERSION = YES;
				CLANG_WARN_OBJC_IMPLICIT_RETAIN_SELF = YES;
				CLANG_WARN_OBJC_LITERAL_CONVERSION = YES;
				CLANG_WARN_OBJC_ROOT_CLASS = YES_ERROR;
				CLANG_WARN_QUOTED_INCLUDE_IN_FRAMEWORK_HEADER = YES;
				CLANG_WARN_RANGE_LOOP_ANALYSIS = YES;
				CLANG_WARN_STRICT_PROTOTYPES = YES;
				CLANG_WARN_SUSPICIOUS_MOVE = YES;
				CLANG_WARN_UNGUARDED_AVAILABILITY = YES_AGGRESSIVE;
				CLANG_WARN_UNREACHABLE_CODE = YES;
				CLANG_WARN__DUPLICATE_METHOD_MATCH = YES;
				COPY_PHASE_STRIP = NO;
				DEBUG_INFORMATION_FORMAT = "dwarf-with-dsym";
				ENABLE_NS_ASSERTIONS = NO;
				ENABLE_STRICT_OBJC_MSGSEND = YES;
				GCC_C_LANGUAGE_STANDARD = gnu11;
				GCC_NO_COMMON_BLOCKS = YES;
				GCC_WARN_64_TO_32_BIT_CONVERSION = YES;
				GCC_WARN_ABOUT_RETURN_TYPE = YES_ERROR;
				GCC_WARN_UNDECLARED_SELECTOR = YES;
				GCC_WARN_UNINITIALIZED_AUTOS = YES_AGGRESSIVE;
				GCC_WARN_UNUSED_FUNCTION = YES;
				GCC_WARN_UNUSED_VARIABLE = YES;
				IPHONEOS_DEPLOYMENT_TARGET = 16.4;
				MTL_ENABLE_DEBUG_INFO = NO;
				MTL_FAST_MATH = YES;
				SDKROOT = iphoneos;
				SWIFT_COMPILATION_MODE = wholemodule;
				SWIFT_OPTIMIZATION_LEVEL = "-O";
				VALIDATE_PRODUCT = YES;
			};
			name = Release;
		};
		754E9FE52ACDD8C200DCC840 /* Debug */ = {
			isa = XCBuildConfiguration;
			buildSettings = {
				ASSETCATALOG_COMPILER_APPICON_NAME = AppIcon;
				ASSETCATALOG_COMPILER_GLOBAL_ACCENT_COLOR_NAME = AccentColor;
				CODE_SIGN_STYLE = Automatic;
				CURRENT_PROJECT_VERSION = 1;
				DEVELOPMENT_TEAM = 26VHY2MC8Z;
				GENERATE_INFOPLIST_FILE = YES;
				INFOPLIST_FILE = Todo/Info.plist;
				INFOPLIST_KEY_UIApplicationSupportsIndirectInputEvents = YES;
				INFOPLIST_KEY_UILaunchStoryboardName = LaunchScreen;
				INFOPLIST_KEY_UIMainStoryboardFile = Main;
				INFOPLIST_KEY_UISupportedInterfaceOrientations_iPad = "UIInterfaceOrientationPortrait UIInterfaceOrientationPortraitUpsideDown UIInterfaceOrientationLandscapeLeft UIInterfaceOrientationLandscapeRight";
				INFOPLIST_KEY_UISupportedInterfaceOrientations_iPhone = "UIInterfaceOrientationPortrait UIInterfaceOrientationLandscapeLeft UIInterfaceOrientationLandscapeRight";
				LD_RUNPATH_SEARCH_PATHS = (
					"$(inherited)",
					"@executable_path/Frameworks",
				);
				MARKETING_VERSION = 1.0;
				PRODUCT_BUNDLE_IDENTIFIER = com.deltrinsam.Todo;
				PRODUCT_NAME = "$(TARGET_NAME)";
				SWIFT_EMIT_LOC_STRINGS = YES;
				SWIFT_VERSION = 5.0;
				TARGETED_DEVICE_FAMILY = "1,2";
			};
			name = Debug;
		};
		754E9FE62ACDD8C200DCC840 /* Release */ = {
			isa = XCBuildConfiguration;
			buildSettings = {
				ASSETCATALOG_COMPILER_APPICON_NAME = AppIcon;
				ASSETCATALOG_COMPILER_GLOBAL_ACCENT_COLOR_NAME = AccentColor;
				CODE_SIGN_STYLE = Automatic;
				CURRENT_PROJECT_VERSION = 1;
				DEVELOPMENT_TEAM = 26VHY2MC8Z;
				GENERATE_INFOPLIST_FILE = YES;
				INFOPLIST_FILE = Todo/Info.plist;
				INFOPLIST_KEY_UIApplicationSupportsIndirectInputEvents = YES;
				INFOPLIST_KEY_UILaunchStoryboardName = LaunchScreen;
				INFOPLIST_KEY_UIMainStoryboardFile = Main;
				INFOPLIST_KEY_UISupportedInterfaceOrientations_iPad = "UIInterfaceOrientationPortrait UIInterfaceOrientationPortraitUpsideDown UIInterfaceOrientationLandscapeLeft UIInterfaceOrientationLandscapeRight";
				INFOPLIST_KEY_UISupportedInterfaceOrientations_iPhone = "UIInterfaceOrientationPortrait UIInterfaceOrientationLandscapeLeft UIInterfaceOrientationLandscapeRight";
				LD_RUNPATH_SEARCH_PATHS = (
					"$(inherited)",
					"@executable_path/Frameworks",
				);
				MARKETING_VERSION = 1.0;
				PRODUCT_BUNDLE_IDENTIFIER = com.deltrinsam.Todo;
				PRODUCT_NAME = "$(TARGET_NAME)";
				SWIFT_EMIT_LOC_STRINGS = YES;
				SWIFT_VERSION = 5.0;
				TARGETED_DEVICE_FAMILY = "1,2";
			};
			name = Release;
		};
/* End XCBuildConfiguration section */

/* Begin XCConfigurationList section */
		754E9FCB2ACDD8BF00DCC840 /* Build configuration list for PBXProject "Todo" */ = {
			isa = XCConfigurationList;
			buildConfigurations = (
				754E9FE22ACDD8C200DCC840 /* Debug */,
				754E9FE32ACDD8C200DCC840 /* Release */,
			);
			defaultConfigurationIsVisible = 0;
			defaultConfigurationName = Release;
		};
		754E9FE42ACDD8C200DCC840 /* Build configuration list for PBXNativeTarget "Todo" */ = {
			isa = XCConfigurationList;
			buildConfigurations = (
				754E9FE52ACDD8C200DCC840 /* Debug */,
				754E9FE62ACDD8C200DCC840 /* Release */,
			);
			defaultConfigurationIsVisible = 0;
			defaultConfigurationName = Release;
		};
/* End XCConfigurationList section */
	};
	rootObject = 754E9FC82ACDD8BF00DCC840 /* Project object */;
}
